// !$*UTF8*$!
{
	archiveVersion = 1;
	classes = {
	};
	objectVersion = 50;
	objects = {

/* Begin PBXBuildFile section */
		ACCE35F621F809F20036B866 /* AppDelegate.swift in Sources */ = {isa = PBXBuildFile; fileRef = ACCE35F521F809F20036B866 /* AppDelegate.swift */; };
		ACCE35F821F809F20036B866 /* ViewController.swift in Sources */ = {isa = PBXBuildFile; fileRef = ACCE35F721F809F20036B866 /* ViewController.swift */; };
		ACCE35FB21F809F20036B866 /* Main.storyboard in Resources */ = {isa = PBXBuildFile; fileRef = ACCE35F921F809F20036B866 /* Main.storyboard */; };
		ACCE35FD21F809F20036B866 /* Assets.xcassets in Resources */ = {isa = PBXBuildFile; fileRef = ACCE35FC21F809F20036B866 /* Assets.xcassets */; };
		ACCE360021F809F20036B866 /* LaunchScreen.storyboard in Resources */ = {isa = PBXBuildFile; fileRef = ACCE35FE21F809F20036B866 /* LaunchScreen.storyboard */; };
		ACCE360821F80AA00036B866 /* GroupViewController.swift in Sources */ = {isa = PBXBuildFile; fileRef = ACCE360721F80AA00036B866 /* GroupViewController.swift */; };
		ACCE360A21F80B970036B866 /* ReminderGroup.swift in Sources */ = {isa = PBXBuildFile; fileRef = ACCE360921F80B970036B866 /* ReminderGroup.swift */; };
		ACCE360C21F80BAA0036B866 /* Reminder.swift in Sources */ = {isa = PBXBuildFile; fileRef = ACCE360B21F80BAA0036B866 /* Reminder.swift */; };
/* End PBXBuildFile section */

/* Begin PBXFileReference section */
		ACCE35F221F809F10036B866 /* multiminder.app */ = {isa = PBXFileReference; explicitFileType = wrapper.application; includeInIndex = 0; path = multiminder.app; sourceTree = BUILT_PRODUCTS_DIR; };
		ACCE35F521F809F20036B866 /* AppDelegate.swift */ = {isa = PBXFileReference; lastKnownFileType = sourcecode.swift; path = AppDelegate.swift; sourceTree = "<group>"; };
		ACCE35F721F809F20036B866 /* ViewController.swift */ = {isa = PBXFileReference; lastKnownFileType = sourcecode.swift; path = ViewController.swift; sourceTree = "<group>"; };
		ACCE35FA21F809F20036B866 /* Base */ = {isa = PBXFileReference; lastKnownFileType = file.storyboard; name = Base; path = Base.lproj/Main.storyboard; sourceTree = "<group>"; };
		ACCE35FC21F809F20036B866 /* Assets.xcassets */ = {isa = PBXFileReference; lastKnownFileType = folder.assetcatalog; path = Assets.xcassets; sourceTree = "<group>"; };
		ACCE35FF21F809F20036B866 /* Base */ = {isa = PBXFileReference; lastKnownFileType = file.storyboard; name = Base; path = Base.lproj/LaunchScreen.storyboard; sourceTree = "<group>"; };
		ACCE360121F809F20036B866 /* Info.plist */ = {isa = PBXFileReference; lastKnownFileType = text.plist.xml; path = Info.plist; sourceTree = "<group>"; };
		ACCE360721F80AA00036B866 /* GroupViewController.swift */ = {isa = PBXFileReference; lastKnownFileType = sourcecode.swift; path = GroupViewController.swift; sourceTree = "<group>"; };
		ACCE360921F80B970036B866 /* ReminderGroup.swift */ = {isa = PBXFileReference; lastKnownFileType = sourcecode.swift; path = ReminderGroup.swift; sourceTree = "<group>"; };
		ACCE360B21F80BAA0036B866 /* Reminder.swift */ = {isa = PBXFileReference; lastKnownFileType = sourcecode.swift; path = Reminder.swift; sourceTree = "<group>"; };
/* End PBXFileReference section */

/* Begin PBXFrameworksBuildPhase section */
		ACCE35EF21F809F10036B866 /* Frameworks */ = {
			isa = PBXFrameworksBuildPhase;
			buildActionMask = 2147483647;
			files = (
			);
			runOnlyForDeploymentPostprocessing = 0;
		};
/* End PBXFrameworksBuildPhase section */

/* Begin PBXGroup section */
		ACCE35E921F809F10036B866 = {
			isa = PBXGroup;
			children = (
				ACCE35F421F809F20036B866 /* multiminder */,
				ACCE35F321F809F10036B866 /* Products */,
			);
			sourceTree = "<group>";
		};
		ACCE35F321F809F10036B866 /* Products */ = {
			isa = PBXGroup;
			children = (
				ACCE35F221F809F10036B866 /* multiminder.app */,
			);
			name = Products;
			sourceTree = "<group>";
		};
		ACCE35F421F809F20036B866 /* multiminder */ = {
			isa = PBXGroup;
			children = (
				ACCE35F521F809F20036B866 /* AppDelegate.swift */,
				ACCE35F721F809F20036B866 /* ViewController.swift */,
				ACCE360721F80AA00036B866 /* GroupViewController.swift */,
				ACCE360921F80B970036B866 /* ReminderGroup.swift */,
				ACCE360B21F80BAA0036B866 /* Reminder.swift */,
				ACCE35F921F809F20036B866 /* Main.storyboard */,
				ACCE35FC21F809F20036B866 /* Assets.xcassets */,
				ACCE35FE21F809F20036B866 /* LaunchScreen.storyboard */,
				ACCE360121F809F20036B866 /* Info.plist */,
			);
			path = multiminder;
			sourceTree = "<group>";
		};
/* End PBXGroup section */

/* Begin PBXNativeTarget section */
		ACCE35F121F809F10036B866 /* multiminder */ = {
			isa = PBXNativeTarget;
			buildConfigurationList = ACCE360421F809F20036B866 /* Build configuration list for PBXNativeTarget "multiminder" */;
			buildPhases = (
				ACCE35EE21F809F10036B866 /* Sources */,
				ACCE35EF21F809F10036B866 /* Frameworks */,
				ACCE35F021F809F10036B866 /* Resources */,
			);
			buildRules = (
			);
			dependencies = (
			);
			name = multiminder;
			productName = multiminder;
			productReference = ACCE35F221F809F10036B866 /* multiminder.app */;
			productType = "com.apple.product-type.application";
		};
/* End PBXNativeTarget section */

/* Begin PBXProject section */
		ACCE35EA21F809F10036B866 /* Project object */ = {
			isa = PBXProject;
			attributes = {
				LastSwiftUpdateCheck = 1010;
				LastUpgradeCheck = 1010;
				ORGANIZATIONNAME = "Viktor Yamchinov";
				TargetAttributes = {
					ACCE35F121F809F10036B866 = {
						CreatedOnToolsVersion = 10.1;
					};
				};
			};
			buildConfigurationList = ACCE35ED21F809F10036B866 /* Build configuration list for PBXProject "multiminder" */;
			compatibilityVersion = "Xcode 9.3";
			developmentRegion = en;
			hasScannedForEncodings = 0;
			knownRegions = (
				en,
				Base,
			);
			mainGroup = ACCE35E921F809F10036B866;
			productRefGroup = ACCE35F321F809F10036B866 /* Products */;
			projectDirPath = "";
			projectRoot = "";
			targets = (
				ACCE35F121F809F10036B866 /* multiminder */,
			);
		};
/* End PBXProject section */

/* Begin PBXResourcesBuildPhase section */
		ACCE35F021F809F10036B866 /* Resources */ = {
			isa = PBXResourcesBuildPhase;
			buildActionMask = 2147483647;
			files = (
				ACCE360021F809F20036B866 /* LaunchScreen.storyboard in Resources */,
				ACCE35FD21F809F20036B866 /* Assets.xcassets in Resources */,
				ACCE35FB21F809F20036B866 /* Main.storyboard in Resources */,
			);
			runOnlyForDeploymentPostprocessing = 0;
		};
/* End PBXResourcesBuildPhase section */

/* Begin PBXSourcesBuildPhase section */
		ACCE35EE21F809F10036B866 /* Sources */ = {
			isa = PBXSourcesBuildPhase;
			buildActionMask = 2147483647;
			files = (
				ACCE360821F80AA00036B866 /* GroupViewController.swift in Sources */,
				ACCE360A21F80B970036B866 /* ReminderGroup.swift in Sources */,
				ACCE35F821F809F20036B866 /* ViewController.swift in Sources */,
				ACCE35F621F809F20036B866 /* AppDelegate.swift in Sources */,
				ACCE360C21F80BAA0036B866 /* Reminder.swift in Sources */,
			);
			runOnlyForDeploymentPostprocessing = 0;
		};
/* End PBXSourcesBuildPhase section */

/* Begin PBXVariantGroup section */
		ACCE35F921F809F20036B866 /* Main.storyboard */ = {
			isa = PBXVariantGroup;
			children = (
				ACCE35FA21F809F20036B866 /* Base */,
			);
			name = Main.storyboard;
			sourceTree = "<group>";
		};
		ACCE35FE21F809F20036B866 /* LaunchScreen.storyboard */ = {
			isa = PBXVariantGroup;
			children = (
				ACCE35FF21F809F20036B866 /* Base */,
			);
			name = LaunchScreen.storyboard;
			sourceTree = "<group>";
		};
/* End PBXVariantGroup section */

/* Begin XCBuildConfiguration section */
		ACCE360221F809F20036B866 /* Debug */ = {
			isa = XCBuildConfiguration;
			buildSettings = {
				ALWAYS_SEARCH_USER_PATHS = NO;
				CLANG_ANALYZER_NONNULL = YES;
				CLANG_ANALYZER_NUMBER_OBJECT_CONVERSION = YES_AGGRESSIVE;
				CLANG_CXX_LANGUAGE_STANDARD = "gnu++14";
				CLANG_CXX_LIBRARY = "libc++";
				CLANG_ENABLE_MODULES = YES;
				CLANG_ENABLE_OBJC_ARC = YES;
				CLANG_ENABLE_OBJC_WEAK = YES;
				CLANG_WARN_BLOCK_CAPTURE_AUTORELEASING = YES;
				CLANG_WARN_BOOL_CONVERSION = YES;
				CLANG_WARN_COMMA = YES;
				CLANG_WARN_CONSTANT_CONVERSION = YES;
				CLANG_WARN_DEPRECATED_OBJC_IMPLEMENTATIONS = YES;
				CLANG_WARN_DIRECT_OBJC_ISA_USAGE = YES_ERROR;
				CLANG_WARN_DOCUMENTATION_COMMENTS = YES;
				CLANG_WARN_EMPTY_BODY = YES;
				CLANG_WARN_ENUM_CONVERSION = YES;
				CLANG_WARN_INFINITE_RECURSION = YES;
				CLANG_WARN_INT_CONVERSION = YES;
				CLANG_WARN_NON_LITERAL_NULL_CONVERSION = YES;
				CLANG_WARN_OBJC_IMPLICIT_RETAIN_SELF = YES;
				CLANG_WARN_OBJC_LITERAL_CONVERSION = YES;
				CLANG_WARN_OBJC_ROOT_CLASS = YES_ERROR;
				CLANG_WARN_RANGE_LOOP_ANALYSIS = YES;
				CLANG_WARN_STRICT_PROTOTYPES = YES;
				CLANG_WARN_SUSPICIOUS_MOVE = YES;
				CLANG_WARN_UNGUARDED_AVAILABILITY = YES_AGGRESSIVE;
				CLANG_WARN_UNREACHABLE_CODE = YES;
				CLANG_WARN__DUPLICATE_METHOD_MATCH = YES;
				CODE_SIGN_IDENTITY = "iPhone Developer";
				COPY_PHASE_STRIP = NO;
				DEBUG_INFORMATION_FORMAT = dwarf;
				ENABLE_STRICT_OBJC_MSGSEND = YES;
				ENABLE_TESTABILITY = YES;
				GCC_C_LANGUAGE_STANDARD = gnu11;
				GCC_DYNAMIC_NO_PIC = NO;
				GCC_NO_COMMON_BLOCKS = YES;
				GCC_OPTIMIZATION_LEVEL = 0;
				GCC_PREPROCESSOR_DEFINITIONS = (
					"DEBUG=1",
					"$(inherited)",
				);
				GCC_WARN_64_TO_32_BIT_CONVERSION = YES;
				GCC_WARN_ABOUT_RETURN_TYPE = YES_ERROR;
				GCC_WARN_UNDECLARED_SELECTOR = YES;
				GCC_WARN_UNINITIALIZED_AUTOS = YES_AGGRESSIVE;
				GCC_WARN_UNUSED_FUNCTION = YES;
				GCC_WARN_UNUSED_VARIABLE = YES;
				IPHONEOS_DEPLOYMENT_TARGET = 12.1;
				MTL_ENABLE_DEBUG_INFO = INCLUDE_SOURCE;
				MTL_FAST_MATH = YES;
				ONLY_ACTIVE_ARCH = YES;
				SDKROOT = iphoneos;
				SWIFT_ACTIVE_COMPILATION_CONDITIONS = DEBUG;
				SWIFT_OPTIMIZATION_LEVEL = "-Onone";
			};
			name = Debug;
		};
		ACCE360321F809F20036B866 /* Release */ = {
			isa = XCBuildConfiguration;
			buildSettings = {
				ALWAYS_SEARCH_USER_PATHS = NO;
				CLANG_ANALYZER_NONNULL = YES;
				CLANG_ANALYZER_NUMBER_OBJECT_CONVERSION = YES_AGGRESSIVE;
				CLANG_CXX_LANGUAGE_STANDARD = "gnu++14";
				CLANG_CXX_LIBRARY = "libc++";
				CLANG_ENABLE_MODULES = YES;
				CLANG_ENABLE_OBJC_ARC = YES;
				CLANG_ENABLE_OBJC_WEAK = YES;
				CLANG_WARN_BLOCK_CAPTURE_AUTORELEASING = YES;
				CLANG_WARN_BOOL_CONVERSION = YES;
				CLANG_WARN_COMMA = YES;
				CLANG_WARN_CONSTANT_CONVERSION = YES;
				CLANG_WARN_DEPRECATED_OBJC_IMPLEMENTATIONS = YES;
				CLANG_WARN_DIRECT_OBJC_ISA_USAGE = YES_ERROR;
				CLANG_WARN_DOCUMENTATION_COMMENTS = YES;
				CLANG_WARN_EMPTY_BODY = YES;
				CLANG_WARN_ENUM_CONVERSION = YES;
				CLANG_WARN_INFINITE_RECURSION = YES;
				CLANG_WARN_INT_CONVERSION = YES;
				CLANG_WARN_NON_LITERAL_NULL_CONVERSION = YES;
				CLANG_WARN_OBJC_IMPLICIT_RETAIN_SELF = YES;
				CLANG_WARN_OBJC_LITERAL_CONVERSION = YES;
				CLANG_WARN_OBJC_ROOT_CLASS = YES_ERROR;
				CLANG_WARN_RANGE_LOOP_ANALYSIS = YES;
				CLANG_WARN_STRICT_PROTOTYPES = YES;
				CLANG_WARN_SUSPICIOUS_MOVE = YES;
				CLANG_WARN_UNGUARDED_AVAILABILITY = YES_AGGRESSIVE;
				CLANG_WARN_UNREACHABLE_CODE = YES;
				CLANG_WARN__DUPLICATE_METHOD_MATCH = YES;
				CODE_SIGN_IDENTITY = "iPhone Developer";
				COPY_PHASE_STRIP = NO;
				DEBUG_INFORMATION_FORMAT = "dwarf-with-dsym";
				ENABLE_NS_ASSERTIONS = NO;
				ENABLE_STRICT_OBJC_MSGSEND = YES;
				GCC_C_LANGUAGE_STANDARD = gnu11;
				GCC_NO_COMMON_BLOCKS = YES;
				GCC_WARN_64_TO_32_BIT_CONVERSION = YES;
				GCC_WARN_ABOUT_RETURN_TYPE = YES_ERROR;
				GCC_WARN_UNDECLARED_SELECTOR = YES;
				GCC_WARN_UNINITIALIZED_AUTOS = YES_AGGRESSIVE;
				GCC_WARN_UNUSED_FUNCTION = YES;
				GCC_WARN_UNUSED_VARIABLE = YES;
				IPHONEOS_DEPLOYMENT_TARGET = 12.1;
				MTL_ENABLE_DEBUG_INFO = NO;
				MTL_FAST_MATH = YES;
				SDKROOT = iphoneos;
				SWIFT_COMPILATION_MODE = wholemodule;
				SWIFT_OPTIMIZATION_LEVEL = "-O";
				VALIDATE_PRODUCT = YES;
			};
			name = Release;
		};
		ACCE360521F809F20036B866 /* Debug */ = {
			isa = XCBuildConfiguration;
			buildSettings = {
				ASSETCATALOG_COMPILER_APPICON_NAME = AppIcon;
				CODE_SIGN_STYLE = Automatic;
				DEVELOPMENT_TEAM = 493PFTF9Q4;
				INFOPLIST_FILE = multiminder/Info.plist;
				LD_RUNPATH_SEARCH_PATHS = (
					"$(inherited)",
					"@executable_path/Frameworks",
				);
				PRODUCT_BUNDLE_IDENTIFIER = com.techforline.multiminder;
				PRODUCT_NAME = "$(TARGET_NAME)";
				SWIFT_VERSION = 4.2;
				TARGETED_DEVICE_FAMILY = "1,2";
			};
			name = Debug;
		};
		ACCE360621F809F20036B866 /* Release */ = {
			isa = XCBuildConfiguration;
			buildSettings = {
				ASSETCATALOG_COMPILER_APPICON_NAME = AppIcon;
				CODE_SIGN_STYLE = Automatic;
				DEVELOPMENT_TEAM = 493PFTF9Q4;
				INFOPLIST_FILE = multiminder/Info.plist;
				LD_RUNPATH_SEARCH_PATHS = (
					"$(inherited)",
					"@executable_path/Frameworks",
				);
				PRODUCT_BUNDLE_IDENTIFIER = com.techforline.multiminder;
				PRODUCT_NAME = "$(TARGET_NAME)";
				SWIFT_VERSION = 4.2;
				TARGETED_DEVICE_FAMILY = "1,2";
			};
			name = Release;
		};
/* End XCBuildConfiguration section */

/* Begin XCConfigurationList section */
		ACCE35ED21F809F10036B866 /* Build configuration list for PBXProject "multiminder" */ = {
			isa = XCConfigurationList;
			buildConfigurations = (
				ACCE360221F809F20036B866 /* Debug */,
				ACCE360321F809F20036B866 /* Release */,
			);
			defaultConfigurationIsVisible = 0;
			defaultConfigurationName = Release;
		};
		ACCE360421F809F20036B866 /* Build configuration list for PBXNativeTarget "multiminder" */ = {
			isa = XCConfigurationList;
			buildConfigurations = (
				ACCE360521F809F20036B866 /* Debug */,
				ACCE360621F809F20036B866 /* Release */,
			);
			defaultConfigurationIsVisible = 0;
			defaultConfigurationName = Release;
		};
/* End XCConfigurationList section */
	};
	rootObject = ACCE35EA21F809F10036B866 /* Project object */;
}
